{
  "name": "asp.net",
  "version": "1.0.0",
  "lockfileVersion": 2,
  "requires": true,
  "packages": {
    "": {
      "name": "asp.net",
      "version": "1.0.0",
      "devDependencies": {
        "@syncfusion/ej2-js-es5": "28.1.33"
      }
    },
    "node_modules/@syncfusion/ej2-js-es5": {
      "version": "28.1.33",
      "resolved": "https://registry.npmjs.org/@syncfusion/ej2-js-es5/-/ej2-js-es5-28.1.33.tgz",
      "integrity": "sha512-lcLmq+KFjKH9U8n8Qf69DH2NHWv4sWVk/59DK7BXJChGcMQ4Nyl/hZA8C6QZDWhei1FWZ6P2Dpxu0pN5zL9NOw==",
      "dev": true
    }
  },
  "dependencies": {
    "@syncfusion/ej2-js-es5": {
      "version": "28.1.33",
      "resolved": "https://registry.npmjs.org/@syncfusion/ej2-js-es5/-/ej2-js-es5-28.1.33.tgz",
      "integrity": "sha512-lcLmq+KFjKH9U8n8Qf69DH2NHWv4sWVk/59DK7BXJChGcMQ4Nyl/hZA8C6QZDWhei1FWZ6P2Dpxu0pN5zL9NOw==",
      "dev": true
    }
  }
}
